
Microsoft Visual Studio Solution File, Format Version 12.00
# Visual Studio Version 17
VisualStudioVersion = 17.9.34622.214
MinimumVisualStudioVersion = 10.0.40219.1
Project("{9A19103F-16F7-4668-BE54-9A1E7A4F7556}") = "SeniorTeste.API", "SeniorTeste.API.csproj", "{77CB13B9-DA2A-4D9F-8333-1F43684E8E9E}"
EndProject
Project("{9A19103F-16F7-4668-BE54-9A1E7A4F7556}") = "Senior.Business", "..\Senior.Business\Senior.Business.csproj", "{D6906651-64B5-4EB7-9F9F-95D777B11F02}"
EndProject
Project("{9A19103F-16F7-4668-BE54-9A1E7A4F7556}") = "Senior.Dados", "..\Sênior.Dados\Senior.Dados.csproj", "{E97419A1-8CE8-479E-8D64-79FBFC184649}"
EndProject
Project("{9A19103F-16F7-4668-BE54-9A1E7A4F7556}") = "TestProject", "..\TestProject\TestProject.csproj", "{3DE0F303-13A3-4FAD-A16B-464C093C93F3}"
EndProject
Global
	GlobalSection(SolutionConfigurationPlatforms) = preSolution
		Debug|Any CPU = Debug|Any CPU
		Release|Any CPU = Release|Any CPU
	EndGlobalSection
	GlobalSection(ProjectConfigurationPlatforms) = postSolution
		{77CB13B9-DA2A-4D9F-8333-1F43684E8E9E}.Debug|Any CPU.ActiveCfg = Debug|Any CPU
		{77CB13B9-DA2A-4D9F-8333-1F43684E8E9E}.Debug|Any CPU.Build.0 = Debug|Any CPU
		{77CB13B9-DA2A-4D9F-8333-1F43684E8E9E}.Release|Any CPU.ActiveCfg = Release|Any CPU
		{77CB13B9-DA2A-4D9F-8333-1F43684E8E9E}.Release|Any CPU.Build.0 = Release|Any CPU
		{D6906651-64B5-4EB7-9F9F-95D777B11F02}.Debug|Any CPU.ActiveCfg = Debug|Any CPU
		{D6906651-64B5-4EB7-9F9F-95D777B11F02}.Debug|Any CPU.Build.0 = Debug|Any CPU
		{D6906651-64B5-4EB7-9F9F-95D777B11F02}.Release|Any CPU.ActiveCfg = Release|Any CPU
		{D6906651-64B5-4EB7-9F9F-95D777B11F02}.Release|Any CPU.Build.0 = Release|Any CPU
		{E97419A1-8CE8-479E-8D64-79FBFC184649}.Debug|Any CPU.ActiveCfg = Debug|Any CPU
		{E97419A1-8CE8-479E-8D64-79FBFC184649}.Debug|Any CPU.Build.0 = Debug|Any CPU
		{E97419A1-8CE8-479E-8D64-79FBFC184649}.Release|Any CPU.ActiveCfg = Release|Any CPU
		{E97419A1-8CE8-479E-8D64-79FBFC184649}.Release|Any CPU.Build.0 = Release|Any CPU
		{3DE0F303-13A3-4FAD-A16B-464C093C93F3}.Debug|Any CPU.ActiveCfg = Debug|Any CPU
		{3DE0F303-13A3-4FAD-A16B-464C093C93F3}.Debug|Any CPU.Build.0 = Debug|Any CPU
		{3DE0F303-13A3-4FAD-A16B-464C093C93F3}.Release|Any CPU.ActiveCfg = Release|Any CPU
		{3DE0F303-13A3-4FAD-A16B-464C093C93F3}.Release|Any CPU.Build.0 = Release|Any CPU
	EndGlobalSection
	GlobalSection(SolutionProperties) = preSolution
		HideSolutionNode = FALSE
	EndGlobalSection
	GlobalSection(ExtensibilityGlobals) = postSolution
		SolutionGuid = {3B275FC5-375B-4D3E-A8B3-8A8B5BB24DC3}
	EndGlobalSection
EndGlobal
